// !$*UTF8*$!
{
	archiveVersion = 1;
	classes = {
	};
	objectVersion = 46;
	objects = {

/* Begin PBXBuildFile section */
		FD9CEA9D1B08CF650082F0E5 /* main.m in Sources */ = {isa = PBXBuildFile; fileRef = FD9CEA9C1B08CF650082F0E5 /* main.m */; };
		FD9CEAA01B08CF650082F0E5 /* AppDelegate.m in Sources */ = {isa = PBXBuildFile; fileRef = FD9CEA9F1B08CF650082F0E5 /* AppDelegate.m */; };
		FD9CEAA81B08CF650082F0E5 /* Images.xcassets in Resources */ = {isa = PBXBuildFile; fileRef = FD9CEAA71B08CF650082F0E5 /* Images.xcassets */; };
		FD9CEAAB1B08CF650082F0E5 /* LaunchScreen.xib in Resources */ = {isa = PBXBuildFile; fileRef = FD9CEAA91B08CF650082F0E5 /* LaunchScreen.xib */; };
		FD9CEAB71B08CF650082F0E5 /* LLInputPassWordViewTests.m in Sources */ = {isa = PBXBuildFile; fileRef = FD9CEAB61B08CF650082F0E5 /* LLInputPassWordViewTests.m */; };
		FD9CEACB1B08CFC20082F0E5 /* cannel.png in Resources */ = {isa = PBXBuildFile; fileRef = FD9CEAC11B08CFC20082F0E5 /* cannel.png */; };
		FD9CEACC1B08CFC20082F0E5 /* LLCover.m in Sources */ = {isa = PBXBuildFile; fileRef = FD9CEAC31B08CFC20082F0E5 /* LLCover.m */; };
		FD9CEACD1B08CFC20082F0E5 /* LLINputPassWordView.m in Sources */ = {isa = PBXBuildFile; fileRef = FD9CEAC51B08CFC20082F0E5 /* LLINputPassWordView.m */; };
		FD9CEACE1B08CFC20082F0E5 /* LLINputPassWordView.xib in Resources */ = {isa = PBXBuildFile; fileRef = FD9CEAC61B08CFC20082F0E5 /* LLINputPassWordView.xib */; };
		FD9CEACF1B08CFC20082F0E5 /* submit.png in Resources */ = {isa = PBXBuildFile; fileRef = FD9CEAC71B08CFC20082F0E5 /* submit.png */; };
		FD9CEAD01B08CFC20082F0E5 /* submit_1.png in Resources */ = {isa = PBXBuildFile; fileRef = FD9CEAC81B08CFC20082F0E5 /* submit_1.png */; };
		FD9CEAD11B08CFC20082F0E5 /* ViewController.m in Sources */ = {isa = PBXBuildFile; fileRef = FD9CEACA1B08CFC20082F0E5 /* ViewController.m */; };
		FD9CEAD31B08CFD30082F0E5 /* Main.storyboard in Resources */ = {isa = PBXBuildFile; fileRef = FD9CEAD21B08CFD30082F0E5 /* Main.storyboard */; };
/* End PBXBuildFile section */

/* Begin PBXContainerItemProxy section */
		FD9CEAB11B08CF650082F0E5 /* PBXContainerItemProxy */ = {
			isa = PBXContainerItemProxy;
			containerPortal = FD9CEA8F1B08CF650082F0E5 /* Project object */;
			proxyType = 1;
			remoteGlobalIDString = FD9CEA961B08CF650082F0E5;
			remoteInfo = LLInputPassWordView;
		};
/* End PBXContainerItemProxy section */

/* Begin PBXFileReference section */
		FD9CEA971B08CF650082F0E5 /* LLInputPassWordView.app */ = {isa = PBXFileReference; explicitFileType = wrapper.application; includeInIndex = 0; path = LLInputPassWordView.app; sourceTree = BUILT_PRODUCTS_DIR; };
		FD9CEA9B1B08CF650082F0E5 /* Info.plist */ = {isa = PBXFileReference; lastKnownFileType = text.plist.xml; path = Info.plist; sourceTree = "<group>"; };
		FD9CEA9C1B08CF650082F0E5 /* main.m */ = {isa = PBXFileReference; lastKnownFileType = sourcecode.c.objc; path = main.m; sourceTree = "<group>"; };
		FD9CEA9E1B08CF650082F0E5 /* AppDelegate.h */ = {isa = PBXFileReference; lastKnownFileType = sourcecode.c.h; name = AppDelegate.h; path = ../AppDelegate.h; sourceTree = "<group>"; };
		FD9CEA9F1B08CF650082F0E5 /* AppDelegate.m */ = {isa = PBXFileReference; lastKnownFileType = sourcecode.c.objc; name = AppDelegate.m; path = ../AppDelegate.m; sourceTree = "<group>"; };
		FD9CEAA71B08CF650082F0E5 /* Images.xcassets */ = {isa = PBXFileReference; lastKnownFileType = folder.assetcatalog; name = Images.xcassets; path = ../Images.xcassets; sourceTree = "<group>"; };
		FD9CEAAA1B08CF650082F0E5 /* Base */ = {isa = PBXFileReference; lastKnownFileType = file.xib; name = Base; path = Base.lproj/LaunchScreen.xib; sourceTree = "<group>"; };
		FD9CEAB01B08CF650082F0E5 /* LLInputPassWordViewTests.xctest */ = {isa = PBXFileReference; explicitFileType = wrapper.cfbundle; includeInIndex = 0; path = LLInputPassWordViewTests.xctest; sourceTree = BUILT_PRODUCTS_DIR; };
		FD9CEAB51B08CF650082F0E5 /* Info.plist */ = {isa = PBXFileReference; lastKnownFileType = text.plist.xml; path = Info.plist; sourceTree = "<group>"; };
		FD9CEAB61B08CF650082F0E5 /* LLInputPassWordViewTests.m */ = {isa = PBXFileReference; lastKnownFileType = sourcecode.c.objc; path = LLInputPassWordViewTests.m; sourceTree = "<group>"; };
		FD9CEAC11B08CFC20082F0E5 /* cannel.png */ = {isa = PBXFileReference; lastKnownFileType = image.png; path = cannel.png; sourceTree = "<group>"; };
		FD9CEAC21B08CFC20082F0E5 /* LLCover.h */ = {isa = PBXFileReference; fileEncoding = 4; lastKnownFileType = sourcecode.c.h; path = LLCover.h; sourceTree = "<group>"; };
		FD9CEAC31B08CFC20082F0E5 /* LLCover.m */ = {isa = PBXFileReference; fileEncoding = 4; lastKnownFileType = sourcecode.c.objc; path = LLCover.m; sourceTree = "<group>"; };
		FD9CEAC41B08CFC20082F0E5 /* LLINputPassWordView.h */ = {isa = PBXFileReference; fileEncoding = 4; lastKnownFileType = sourcecode.c.h; path = LLINputPassWordView.h; sourceTree = "<group>"; };
		FD9CEAC51B08CFC20082F0E5 /* LLINputPassWordView.m */ = {isa = PBXFileReference; fileEncoding = 4; lastKnownFileType = sourcecode.c.objc; path = LLINputPassWordView.m; sourceTree = "<group>"; };
		FD9CEAC61B08CFC20082F0E5 /* LLINputPassWordView.xib */ = {isa = PBXFileReference; fileEncoding = 4; lastKnownFileType = file.xib; path = LLINputPassWordView.xib; sourceTree = "<group>"; };
		FD9CEAC71B08CFC20082F0E5 /* submit.png */ = {isa = PBXFileReference; lastKnownFileType = image.png; path = submit.png; sourceTree = "<group>"; };
		FD9CEAC81B08CFC20082F0E5 /* submit_1.png */ = {isa = PBXFileReference; lastKnownFileType = image.png; path = submit_1.png; sourceTree = "<group>"; };
		FD9CEAC91B08CFC20082F0E5 /* ViewController.h */ = {isa = PBXFileReference; fileEncoding = 4; lastKnownFileType = sourcecode.c.h; path = ViewController.h; sourceTree = "<group>"; };
		FD9CEACA1B08CFC20082F0E5 /* ViewController.m */ = {isa = PBXFileReference; fileEncoding = 4; lastKnownFileType = sourcecode.c.objc; path = ViewController.m; sourceTree = "<group>"; };
		FD9CEAD21B08CFD30082F0E5 /* Main.storyboard */ = {isa = PBXFileReference; fileEncoding = 4; lastKnownFileType = file.storyboard; path = Main.storyboard; sourceTree = "<group>"; };
/* End PBXFileReference section */

/* Begin PBXFrameworksBuildPhase section */
		FD9CEA941B08CF650082F0E5 /* Frameworks */ = {
			isa = PBXFrameworksBuildPhase;
			buildActionMask = 2147483647;
			files = (
			);
			runOnlyForDeploymentPostprocessing = 0;
		};
		FD9CEAAD1B08CF650082F0E5 /* Frameworks */ = {
			isa = PBXFrameworksBuildPhase;
			buildActionMask = 2147483647;
			files = (
			);
			runOnlyForDeploymentPostprocessing = 0;
		};
/* End PBXFrameworksBuildPhase section */

/* Begin PBXGroup section */
		FD9CEA8E1B08CF650082F0E5 = {
			isa = PBXGroup;
			children = (
				FD9CEA991B08CF650082F0E5 /* LLInputPassWordView */,
				FD9CEAB31B08CF650082F0E5 /* LLInputPassWordViewTests */,
				FD9CEA981B08CF650082F0E5 /* Products */,
			);
			sourceTree = "<group>";
		};
		FD9CEA981B08CF650082F0E5 /* Products */ = {
			isa = PBXGroup;
			children = (
				FD9CEA971B08CF650082F0E5 /* LLInputPassWordView.app */,
				FD9CEAB01B08CF650082F0E5 /* LLInputPassWordViewTests.xctest */,
			);
			name = Products;
			sourceTree = "<group>";
		};
		FD9CEA991B08CF650082F0E5 /* LLInputPassWordView */ = {
			isa = PBXGroup;
			children = (
				FD9CEAC01B08CFC20082F0E5 /* InputPDView */,
				FD9CEAC91B08CFC20082F0E5 /* ViewController.h */,
				FD9CEACA1B08CFC20082F0E5 /* ViewController.m */,
				FD9CEAD21B08CFD30082F0E5 /* Main.storyboard */,
				FD9CEAD41B08D09A0082F0E5 /* Others */,
				FD9CEA9A1B08CF650082F0E5 /* Supporting Files */,
			);
			path = LLInputPassWordView;
			sourceTree = "<group>";
		};
		FD9CEA9A1B08CF650082F0E5 /* Supporting Files */ = {
			isa = PBXGroup;
			children = (
				FD9CEA9B1B08CF650082F0E5 /* Info.plist */,
				FD9CEA9C1B08CF650082F0E5 /* main.m */,
			);
			name = "Supporting Files";
			sourceTree = "<group>";
		};
		FD9CEAB31B08CF650082F0E5 /* LLInputPassWordViewTests */ = {
			isa = PBXGroup;
			children = (
				FD9CEAB61B08CF650082F0E5 /* LLInputPassWordViewTests.m */,
				FD9CEAB41B08CF650082F0E5 /* Supporting Files */,
			);
			path = LLInputPassWordViewTests;
			sourceTree = "<group>";
		};
		FD9CEAB41B08CF650082F0E5 /* Supporting Files */ = {
			isa = PBXGroup;
			children = (
				FD9CEAB51B08CF650082F0E5 /* Info.plist */,
			);
			name = "Supporting Files";
			sourceTree = "<group>";
		};
		FD9CEAC01B08CFC20082F0E5 /* InputPDView */ = {
			isa = PBXGroup;
			children = (
				FD9CEAC11B08CFC20082F0E5 /* cannel.png */,
				FD9CEAC71B08CFC20082F0E5 /* submit.png */,
				FD9CEAC81B08CFC20082F0E5 /* submit_1.png */,
				FD9CEAC21B08CFC20082F0E5 /* LLCover.h */,
				FD9CEAC31B08CFC20082F0E5 /* LLCover.m */,
				FD9CEAC41B08CFC20082F0E5 /* LLINputPassWordView.h */,
				FD9CEAC51B08CFC20082F0E5 /* LLINputPassWordView.m */,
				FD9CEAC61B08CFC20082F0E5 /* LLINputPassWordView.xib */,
			);
			path = InputPDView;
			sourceTree = "<group>";
		};
		FD9CEAD41B08D09A0082F0E5 /* Others */ = {
			isa = PBXGroup;
			children = (
				FD9CEA9E1B08CF650082F0E5 /* AppDelegate.h */,
				FD9CEA9F1B08CF650082F0E5 /* AppDelegate.m */,
				FD9CEAA71B08CF650082F0E5 /* Images.xcassets */,
				FD9CEAA91B08CF650082F0E5 /* LaunchScreen.xib */,
			);
			path = Others;
			sourceTree = "<group>";
		};
/* End PBXGroup section */

/* Begin PBXNativeTarget section */
		FD9CEA961B08CF650082F0E5 /* LLInputPassWordView */ = {
			isa = PBXNativeTarget;
			buildConfigurationList = FD9CEABA1B08CF650082F0E5 /* Build configuration list for PBXNativeTarget "LLInputPassWordView" */;
			buildPhases = (
				FD9CEA931B08CF650082F0E5 /* Sources */,
				FD9CEA941B08CF650082F0E5 /* Frameworks */,
				FD9CEA951B08CF650082F0E5 /* Resources */,
			);
			buildRules = (
			);
			dependencies = (
			);
			name = LLInputPassWordView;
			productName = LLInputPassWordView;
			productReference = FD9CEA971B08CF650082F0E5 /* LLInputPassWordView.app */;
			productType = "com.apple.product-type.application";
		};
		FD9CEAAF1B08CF650082F0E5 /* LLInputPassWordViewTests */ = {
			isa = PBXNativeTarget;
			buildConfigurationList = FD9CEABD1B08CF650082F0E5 /* Build configuration list for PBXNativeTarget "LLInputPassWordViewTests" */;
			buildPhases = (
				FD9CEAAC1B08CF650082F0E5 /* Sources */,
				FD9CEAAD1B08CF650082F0E5 /* Frameworks */,
				FD9CEAAE1B08CF650082F0E5 /* Resources */,
			);
			buildRules = (
			);
			dependencies = (
				FD9CEAB21B08CF650082F0E5 /* PBXTargetDependency */,
			);
			name = LLInputPassWordViewTests;
			productName = LLInputPassWordViewTests;
			productReference = FD9CEAB01B08CF650082F0E5 /* LLInputPassWordViewTests.xctest */;
			productType = "com.apple.product-type.bundle.unit-test";
		};
/* End PBXNativeTarget section */

/* Begin PBXProject section */
		FD9CEA8F1B08CF650082F0E5 /* Project object */ = {
			isa = PBXProject;
			attributes = {
				LastUpgradeCheck = 0630;
				ORGANIZATIONNAME = Lauren;
				TargetAttributes = {
					FD9CEA961B08CF650082F0E5 = {
						CreatedOnToolsVersion = 6.3;
					};
					FD9CEAAF1B08CF650082F0E5 = {
						CreatedOnToolsVersion = 6.3;
						TestTargetID = FD9CEA961B08CF650082F0E5;
					};
				};
			};
			buildConfigurationList = FD9CEA921B08CF650082F0E5 /* Build configuration list for PBXProject "LLInputPassWordView" */;
			compatibilityVersion = "Xcode 3.2";
			developmentRegion = English;
			hasScannedForEncodings = 0;
			knownRegions = (
				en,
				Base,
			);
			mainGroup = FD9CEA8E1B08CF650082F0E5;
			productRefGroup = FD9CEA981B08CF650082F0E5 /* Products */;
			projectDirPath = "";
			projectRoot = "";
			targets = (
				FD9CEA961B08CF650082F0E5 /* LLInputPassWordView */,
				FD9CEAAF1B08CF650082F0E5 /* LLInputPassWordViewTests */,
			);
		};
/* End PBXProject section */

/* Begin PBXResourcesBuildPhase section */
		FD9CEA951B08CF650082F0E5 /* Resources */ = {
			isa = PBXResourcesBuildPhase;
			buildActionMask = 2147483647;
			files = (
				FD9CEAD31B08CFD30082F0E5 /* Main.storyboard in Resources */,
				FD9CEACB1B08CFC20082F0E5 /* cannel.png in Resources */,
				FD9CEAAB1B08CF650082F0E5 /* LaunchScreen.xib in Resources */,
				FD9CEACE1B08CFC20082F0E5 /* LLINputPassWordView.xib in Resources */,
				FD9CEACF1B08CFC20082F0E5 /* submit.png in Resources */,
				FD9CEAA81B08CF650082F0E5 /* Images.xcassets in Resources */,
				FD9CEAD01B08CFC20082F0E5 /* submit_1.png in Resources */,
			);
			runOnlyForDeploymentPostprocessing = 0;
		};
		FD9CEAAE1B08CF650082F0E5 /* Resources */ = {
			isa = PBXResourcesBuildPhase;
			buildActionMask = 2147483647;
			files = (
			);
			runOnlyForDeploymentPostprocessing = 0;
		};
/* End PBXResourcesBuildPhase section */

/* Begin PBXSourcesBuildPhase section */
		FD9CEA931B08CF650082F0E5 /* Sources */ = {
			isa = PBXSourcesBuildPhase;
			buildActionMask = 2147483647;
			files = (
				FD9CEAA01B08CF650082F0E5 /* AppDelegate.m in Sources */,
				FD9CEACC1B08CFC20082F0E5 /* LLCover.m in Sources */,
				FD9CEACD1B08CFC20082F0E5 /* LLINputPassWordView.m in Sources */,
				FD9CEA9D1B08CF650082F0E5 /* main.m in Sources */,
				FD9CEAD11B08CFC20082F0E5 /* ViewController.m in Sources */,
			);
			runOnlyForDeploymentPostprocessing = 0;
		};
		FD9CEAAC1B08CF650082F0E5 /* Sources */ = {
			isa = PBXSourcesBuildPhase;
			buildActionMask = 2147483647;
			files = (
				FD9CEAB71B08CF650082F0E5 /* LLInputPassWordViewTests.m in Sources */,
			);
			runOnlyForDeploymentPostprocessing = 0;
		};
/* End PBXSourcesBuildPhase section */

/* Begin PBXTargetDependency section */
		FD9CEAB21B08CF650082F0E5 /* PBXTargetDependency */ = {
			isa = PBXTargetDependency;
			target = FD9CEA961B08CF650082F0E5 /* LLInputPassWordView */;
			targetProxy = FD9CEAB11B08CF650082F0E5 /* PBXContainerItemProxy */;
		};
/* End PBXTargetDependency section */

/* Begin PBXVariantGroup section */
		FD9CEAA91B08CF650082F0E5 /* LaunchScreen.xib */ = {
			isa = PBXVariantGroup;
			children = (
				FD9CEAAA1B08CF650082F0E5 /* Base */,
			);
			name = LaunchScreen.xib;
			path = ..;
			sourceTree = "<group>";
		};
/* End PBXVariantGroup section */

/* Begin XCBuildConfiguration section */
		FD9CEAB81B08CF650082F0E5 /* Debug */ = {
			isa = XCBuildConfiguration;
			buildSettings = {
				ALWAYS_SEARCH_USER_PATHS = NO;
				CLANG_CXX_LANGUAGE_STANDARD = "gnu++0x";
				CLANG_CXX_LIBRARY = "libc++";
				CLANG_ENABLE_MODULES = YES;
				CLANG_ENABLE_OBJC_ARC = YES;
				CLANG_WARN_BOOL_CONVERSION = YES;
				CLANG_WARN_CONSTANT_CONVERSION = YES;
				CLANG_WARN_DIRECT_OBJC_ISA_USAGE = YES_ERROR;
				CLANG_WARN_EMPTY_BODY = YES;
				CLANG_WARN_ENUM_CONVERSION = YES;
				CLANG_WARN_INT_CONVERSION = YES;
				CLANG_WARN_OBJC_ROOT_CLASS = YES_ERROR;
				CLANG_WARN_UNREACHABLE_CODE = YES;
				CLANG_WARN__DUPLICATE_METHOD_MATCH = YES;
				"CODE_SIGN_IDENTITY[sdk=iphoneos*]" = "iPhone Developer";
				COPY_PHASE_STRIP = NO;
				DEBUG_INFORMATION_FORMAT = "dwarf-with-dsym";
				ENABLE_STRICT_OBJC_MSGSEND = YES;
				GCC_C_LANGUAGE_STANDARD = gnu99;
				GCC_DYNAMIC_NO_PIC = NO;
				GCC_NO_COMMON_BLOCKS = YES;
				GCC_OPTIMIZATION_LEVEL = 0;
				GCC_PREPROCESSOR_DEFINITIONS = (
					"DEBUG=1",
					"$(inherited)",
				);
				GCC_SYMBOLS_PRIVATE_EXTERN = NO;
				GCC_WARN_64_TO_32_BIT_CONVERSION = YES;
				GCC_WARN_ABOUT_RETURN_TYPE = YES_ERROR;
				GCC_WARN_UNDECLARED_SELECTOR = YES;
				GCC_WARN_UNINITIALIZED_AUTOS = YES_AGGRESSIVE;
				GCC_WARN_UNUSED_FUNCTION = YES;
				GCC_WARN_UNUSED_VARIABLE = YES;
				IPHONEOS_DEPLOYMENT_TARGET = 8.3;
				MTL_ENABLE_DEBUG_INFO = YES;
				ONLY_ACTIVE_ARCH = YES;
				SDKROOT = iphoneos;
			};
			name = Debug;
		};
		FD9CEAB91B08CF650082F0E5 /* Release */ = {
			isa = XCBuildConfiguration;
			buildSettings = {
				ALWAYS_SEARCH_USER_PATHS = NO;
				CLANG_CXX_LANGUAGE_STANDARD = "gnu++0x";
				CLANG_CXX_LIBRARY = "libc++";
				CLANG_ENABLE_MODULES = YES;
				CLANG_ENABLE_OBJC_ARC = YES;
				CLANG_WARN_BOOL_CONVERSION = YES;
				CLANG_WARN_CONSTANT_CONVERSION = YES;
				CLANG_WARN_DIRECT_OBJC_ISA_USAGE = YES_ERROR;
				CLANG_WARN_EMPTY_BODY = YES;
				CLANG_WARN_ENUM_CONVERSION = YES;
				CLANG_WARN_INT_CONVERSION = YES;
				CLANG_WARN_OBJC_ROOT_CLASS = YES_ERROR;
				CLANG_WARN_UNREACHABLE_CODE = YES;
				CLANG_WARN__DUPLICATE_METHOD_MATCH = YES;
				"CODE_SIGN_IDENTITY[sdk=iphoneos*]" = "iPhone Developer";
				COPY_PHASE_STRIP = NO;
				DEBUG_INFORMATION_FORMAT = "dwarf-with-dsym";
				ENABLE_NS_ASSERTIONS = NO;
				ENABLE_STRICT_OBJC_MSGSEND = YES;
				GCC_C_LANGUAGE_STANDARD = gnu99;
				GCC_NO_COMMON_BLOCKS = YES;
				GCC_WARN_64_TO_32_BIT_CONVERSION = YES;
				GCC_WARN_ABOUT_RETURN_TYPE = YES_ERROR;
				GCC_WARN_UNDECLARED_SELECTOR = YES;
				GCC_WARN_UNINITIALIZED_AUTOS = YES_AGGRESSIVE;
				GCC_WARN_UNUSED_FUNCTION = YES;
				GCC_WARN_UNUSED_VARIABLE = YES;
				IPHONEOS_DEPLOYMENT_TARGET = 8.3;
				MTL_ENABLE_DEBUG_INFO = NO;
				SDKROOT = iphoneos;
				VALIDATE_PRODUCT = YES;
			};
			name = Release;
		};
		FD9CEABB1B08CF650082F0E5 /* Debug */ = {
			isa = XCBuildConfiguration;
			buildSettings = {
				ASSETCATALOG_COMPILER_APPICON_NAME = AppIcon;
				INFOPLIST_FILE = LLInputPassWordView/Info.plist;
				IPHONEOS_DEPLOYMENT_TARGET = 8.0;
				LD_RUNPATH_SEARCH_PATHS = "$(inherited) @executable_path/Frameworks";
				PRODUCT_NAME = "$(TARGET_NAME)";
			};
			name = Debug;
		};
		FD9CEABC1B08CF650082F0E5 /* Release */ = {
			isa = XCBuildConfiguration;
			buildSettings = {
				ASSETCATALOG_COMPILER_APPICON_NAME = AppIcon;
				INFOPLIST_FILE = LLInputPassWordView/Info.plist;
				IPHONEOS_DEPLOYMENT_TARGET = 8.0;
				LD_RUNPATH_SEARCH_PATHS = "$(inherited) @executable_path/Frameworks";
				PRODUCT_NAME = "$(TARGET_NAME)";
			};
			name = Release;
		};
		FD9CEABE1B08CF650082F0E5 /* Debug */ = {
			isa = XCBuildConfiguration;
			buildSettings = {
				BUNDLE_LOADER = "$(TEST_HOST)";
				FRAMEWORK_SEARCH_PATHS = (
					"$(SDKROOT)/Developer/Library/Frameworks",
					"$(inherited)",
				);
				GCC_PREPROCESSOR_DEFINITIONS = (
					"DEBUG=1",
					"$(inherited)",
				);
				INFOPLIST_FILE = LLInputPassWordViewTests/Info.plist;
				LD_RUNPATH_SEARCH_PATHS = "$(inherited) @executable_path/Frameworks @loader_path/Frameworks";
				PRODUCT_NAME = "$(TARGET_NAME)";
				TEST_HOST = "$(BUILT_PRODUCTS_DIR)/LLInputPassWordView.app/LLInputPassWordView";
			};
			name = Debug;
		};
		FD9CEABF1B08CF650082F0E5 /* Release */ = {
			isa = XCBuildConfiguration;
			buildSettings = {
				BUNDLE_LOADER = "$(TEST_HOST)";
				FRAMEWORK_SEARCH_PATHS = (
					"$(SDKROOT)/Developer/Library/Frameworks",
					"$(inherited)",
				);
				INFOPLIST_FILE = LLInputPassWordViewTests/Info.plist;
				LD_RUNPATH_SEARCH_PATHS = "$(inherited) @executable_path/Frameworks @loader_path/Frameworks";
				PRODUCT_NAME = "$(TARGET_NAME)";
				TEST_HOST = "$(BUILT_PRODUCTS_DIR)/LLInputPassWordView.app/LLInputPassWordView";
			};
			name = Release;
		};
/* End XCBuildConfiguration section */

/* Begin XCConfigurationList section */
		FD9CEA921B08CF650082F0E5 /* Build configuration list for PBXProject "LLInputPassWordView" */ = {
			isa = XCConfigurationList;
			buildConfigurations = (
				FD9CEAB81B08CF650082F0E5 /* Debug */,
				FD9CEAB91B08CF650082F0E5 /* Release */,
			);
			defaultConfigurationIsVisible = 0;
			defaultConfigurationName = Release;
		};
		FD9CEABA1B08CF650082F0E5 /* Build configuration list for PBXNativeTarget "LLInputPassWordView" */ = {
			isa = XCConfigurationList;
			buildConfigurations = (
				FD9CEABB1B08CF650082F0E5 /* Debug */,
				FD9CEABC1B08CF650082F0E5 /* Release */,
			);
			defaultConfigurationIsVisible = 0;
		};
		FD9CEABD1B08CF650082F0E5 /* Build configuration list for PBXNativeTarget "LLInputPassWordViewTests" */ = {
			isa = XCConfigurationList;
			buildConfigurations = (
				FD9CEABE1B08CF650082F0E5 /* Debug */,
				FD9CEABF1B08CF650082F0E5 /* Release */,
			);
			defaultConfigurationIsVisible = 0;
		};
/* End XCConfigurationList section */
	};
	rootObject = FD9CEA8F1B08CF650082F0E5 /* Project object */;
}
